// !$*UTF8*$!
{
	archiveVersion = 1;
	classes = {
	};
	objectVersion = 50;
	objects = {

/* Begin PBXBuildFile section */
		BB781FA52584D46A0007B8B7 /* YoutheroApp.swift in Sources */ = {isa = PBXBuildFile; fileRef = BB781FA42584D46A0007B8B7 /* YoutheroApp.swift */; };
		BB781FA72584D46A0007B8B7 /* HomeView.swift in Sources */ = {isa = PBXBuildFile; fileRef = BB781FA62584D46A0007B8B7 /* HomeView.swift */; };
		BB781FA92584D46D0007B8B7 /* Assets.xcassets in Resources */ = {isa = PBXBuildFile; fileRef = BB781FA82584D46D0007B8B7 /* Assets.xcassets */; };
		BB781FBC2584E8350007B8B7 /* PrimaryButton.swift in Sources */ = {isa = PBXBuildFile; fileRef = BB781FBB2584E8350007B8B7 /* PrimaryButton.swift */; };
		BB781FC02584EB610007B8B7 /* TypePicker.swift in Sources */ = {isa = PBXBuildFile; fileRef = BB781FBF2584EB610007B8B7 /* TypePicker.swift */; };
		BB781FC42584F5CF0007B8B7 /* ThanksView.swift in Sources */ = {isa = PBXBuildFile; fileRef = BB781FC32584F5CF0007B8B7 /* ThanksView.swift */; };
/* End PBXBuildFile section */

/* Begin PBXFileReference section */
		BB781FA12584D46A0007B8B7 /* Youthero.app */ = {isa = PBXFileReference; explicitFileType = wrapper.application; includeInIndex = 0; path = Youthero.app; sourceTree = BUILT_PRODUCTS_DIR; };
		BB781FA42584D46A0007B8B7 /* YoutheroApp.swift */ = {isa = PBXFileReference; lastKnownFileType = sourcecode.swift; path = YoutheroApp.swift; sourceTree = "<group>"; };
		BB781FA62584D46A0007B8B7 /* HomeView.swift */ = {isa = PBXFileReference; lastKnownFileType = sourcecode.swift; path = HomeView.swift; sourceTree = "<group>"; };
		BB781FA82584D46D0007B8B7 /* Assets.xcassets */ = {isa = PBXFileReference; lastKnownFileType = folder.assetcatalog; path = Assets.xcassets; sourceTree = "<group>"; };
		BB781FAD2584D46D0007B8B7 /* Info.plist */ = {isa = PBXFileReference; lastKnownFileType = text.plist.xml; path = Info.plist; sourceTree = "<group>"; };
		BB781FBB2584E8350007B8B7 /* PrimaryButton.swift */ = {isa = PBXFileReference; fileEncoding = 4; lastKnownFileType = sourcecode.swift; path = PrimaryButton.swift; sourceTree = "<group>"; };
		BB781FBF2584EB610007B8B7 /* TypePicker.swift */ = {isa = PBXFileReference; lastKnownFileType = sourcecode.swift; path = TypePicker.swift; sourceTree = "<group>"; };
		BB781FC32584F5CF0007B8B7 /* ThanksView.swift */ = {isa = PBXFileReference; lastKnownFileType = sourcecode.swift; path = ThanksView.swift; sourceTree = "<group>"; };
/* End PBXFileReference section */

/* Begin PBXFrameworksBuildPhase section */
		BB781F9E2584D46A0007B8B7 /* Frameworks */ = {
			isa = PBXFrameworksBuildPhase;
			buildActionMask = 2147483647;
			files = (
			);
			runOnlyForDeploymentPostprocessing = 0;
		};
/* End PBXFrameworksBuildPhase section */

/* Begin PBXGroup section */
		BB781F982584D46A0007B8B7 = {
			isa = PBXGroup;
			children = (
				BB781FA32584D46A0007B8B7 /* Youthero */,
				BB781FA22584D46A0007B8B7 /* Products */,
			);
			sourceTree = "<group>";
		};
		BB781FA22584D46A0007B8B7 /* Products */ = {
			isa = PBXGroup;
			children = (
				BB781FA12584D46A0007B8B7 /* Youthero.app */,
			);
			name = Products;
			sourceTree = "<group>";
		};
		BB781FA32584D46A0007B8B7 /* Youthero */ = {
			isa = PBXGroup;
			children = (
				BB781FB42584D47E0007B8B7 /* AppDelegate */,
				BB781FB52584D4870007B8B7 /* Features */,
				BB781FA82584D46D0007B8B7 /* Assets.xcassets */,
				BB781FAD2584D46D0007B8B7 /* Info.plist */,
			);
			path = Youthero;
			sourceTree = "<group>";
		};
		BB781FB42584D47E0007B8B7 /* AppDelegate */ = {
			isa = PBXGroup;
			children = (
				BB781FA42584D46A0007B8B7 /* YoutheroApp.swift */,
			);
			path = AppDelegate;
			sourceTree = "<group>";
		};
		BB781FB52584D4870007B8B7 /* Features */ = {
			isa = PBXGroup;
			children = (
				BB781FC22584F5B50007B8B7 /* ThanksScreen */,
				BB781FBE2584EA130007B8B7 /* TypePicker */,
				BB781FB72584D4920007B8B7 /* Home */,
			);
			path = Features;
			sourceTree = "<group>";
		};
		BB781FB72584D4920007B8B7 /* Home */ = {
			isa = PBXGroup;
			children = (
				BB781FBB2584E8350007B8B7 /* PrimaryButton.swift */,
				BB781FA62584D46A0007B8B7 /* HomeView.swift */,
			);
			path = Home;
			sourceTree = "<group>";
		};
		BB781FBE2584EA130007B8B7 /* TypePicker */ = {
			isa = PBXGroup;
			children = (
				BB781FBF2584EB610007B8B7 /* TypePicker.swift */,
			);
			path = TypePicker;
			sourceTree = "<group>";
		};
		BB781FC22584F5B50007B8B7 /* ThanksScreen */ = {
			isa = PBXGroup;
			children = (
				BB781FC32584F5CF0007B8B7 /* ThanksView.swift */,
			);
			path = ThanksScreen;
			sourceTree = "<group>";
		};
/* End PBXGroup section */

/* Begin PBXNativeTarget section */
		BB781FA02584D46A0007B8B7 /* Youthero */ = {
			isa = PBXNativeTarget;
			buildConfigurationList = BB781FB02584D46D0007B8B7 /* Build configuration list for PBXNativeTarget "Youthero" */;
			buildPhases = (
				BB781F9D2584D46A0007B8B7 /* Sources */,
				BB781F9E2584D46A0007B8B7 /* Frameworks */,
				BB781F9F2584D46A0007B8B7 /* Resources */,
			);
			buildRules = (
			);
			dependencies = (
			);
			name = Youthero;
			productName = Youthero;
			productReference = BB781FA12584D46A0007B8B7 /* Youthero.app */;
			productType = "com.apple.product-type.application";
		};
/* End PBXNativeTarget section */

/* Begin PBXProject section */
		BB781F992584D46A0007B8B7 /* Project object */ = {
			isa = PBXProject;
			attributes = {
				LastSwiftUpdateCheck = 1220;
				LastUpgradeCheck = 1220;
				TargetAttributes = {
					BB781FA02584D46A0007B8B7 = {
						CreatedOnToolsVersion = 12.2;
					};
				};
			};
			buildConfigurationList = BB781F9C2584D46A0007B8B7 /* Build configuration list for PBXProject "Youthero" */;
			compatibilityVersion = "Xcode 9.3";
			developmentRegion = en;
			hasScannedForEncodings = 0;
			knownRegions = (
				en,
				Base,
			);
			mainGroup = BB781F982584D46A0007B8B7;
			productRefGroup = BB781FA22584D46A0007B8B7 /* Products */;
			projectDirPath = "";
			projectRoot = "";
			targets = (
				BB781FA02584D46A0007B8B7 /* Youthero */,
			);
		};
/* End PBXProject section */

/* Begin PBXResourcesBuildPhase section */
		BB781F9F2584D46A0007B8B7 /* Resources */ = {
			isa = PBXResourcesBuildPhase;
			buildActionMask = 2147483647;
			files = (
				BB781FA92584D46D0007B8B7 /* Assets.xcassets in Resources */,
			);
			runOnlyForDeploymentPostprocessing = 0;
		};
/* End PBXResourcesBuildPhase section */

/* Begin PBXSourcesBuildPhase section */
		BB781F9D2584D46A0007B8B7 /* Sources */ = {
			isa = PBXSourcesBuildPhase;
			buildActionMask = 2147483647;
			files = (
				BB781FBC2584E8350007B8B7 /* PrimaryButton.swift in Sources */,
				BB781FA72584D46A0007B8B7 /* HomeView.swift in Sources */,
				BB781FA52584D46A0007B8B7 /* YoutheroApp.swift in Sources */,
				BB781FC02584EB610007B8B7 /* TypePicker.swift in Sources */,
				BB781FC42584F5CF0007B8B7 /* ThanksView.swift in Sources */,
			);
			runOnlyForDeploymentPostprocessing = 0;
		};
/* End PBXSourcesBuildPhase section */

/* Begin XCBuildConfiguration section */
		BB781FAE2584D46D0007B8B7 /* Debug */ = {
			isa = XCBuildConfiguration;
			buildSettings = {
				ALWAYS_SEARCH_USER_PATHS = NO;
				CLANG_ANALYZER_NONNULL = YES;
				CLANG_ANALYZER_NUMBER_OBJECT_CONVERSION = YES_AGGRESSIVE;
				CLANG_CXX_LANGUAGE_STANDARD = "gnu++14";
				CLANG_CXX_LIBRARY = "libc++";
				CLANG_ENABLE_MODULES = YES;
				CLANG_ENABLE_OBJC_ARC = YES;
				CLANG_ENABLE_OBJC_WEAK = YES;
				CLANG_WARN_BLOCK_CAPTURE_AUTORELEASING = YES;
				CLANG_WARN_BOOL_CONVERSION = YES;
				CLANG_WARN_COMMA = YES;
				CLANG_WARN_CONSTANT_CONVERSION = YES;
				CLANG_WARN_DEPRECATED_OBJC_IMPLEMENTATIONS = YES;
				CLANG_WARN_DIRECT_OBJC_ISA_USAGE = YES_ERROR;
				CLANG_WARN_DOCUMENTATION_COMMENTS = YES;
				CLANG_WARN_EMPTY_BODY = YES;
				CLANG_WARN_ENUM_CONVERSION = YES;
				CLANG_WARN_INFINITE_RECURSION = YES;
				CLANG_WARN_INT_CONVERSION = YES;
				CLANG_WARN_NON_LITERAL_NULL_CONVERSION = YES;
				CLANG_WARN_OBJC_IMPLICIT_RETAIN_SELF = YES;
				CLANG_WARN_OBJC_LITERAL_CONVERSION = YES;
				CLANG_WARN_OBJC_ROOT_CLASS = YES_ERROR;
				CLANG_WARN_QUOTED_INCLUDE_IN_FRAMEWORK_HEADER = YES;
				CLANG_WARN_RANGE_LOOP_ANALYSIS = YES;
				CLANG_WARN_STRICT_PROTOTYPES = YES;
				CLANG_WARN_SUSPICIOUS_MOVE = YES;
				CLANG_WARN_UNGUARDED_AVAILABILITY = YES_AGGRESSIVE;
				CLANG_WARN_UNREACHABLE_CODE = YES;
				CLANG_WARN__DUPLICATE_METHOD_MATCH = YES;
				COPY_PHASE_STRIP = NO;
				DEBUG_INFORMATION_FORMAT = dwarf;
				ENABLE_STRICT_OBJC_MSGSEND = YES;
				ENABLE_TESTABILITY = YES;
				GCC_C_LANGUAGE_STANDARD = gnu11;
				GCC_DYNAMIC_NO_PIC = NO;
				GCC_NO_COMMON_BLOCKS = YES;
				GCC_OPTIMIZATION_LEVEL = 0;
				GCC_PREPROCESSOR_DEFINITIONS = (
					"DEBUG=1",
					"$(inherited)",
				);
				GCC_WARN_64_TO_32_BIT_CONVERSION = YES;
				GCC_WARN_ABOUT_RETURN_TYPE = YES_ERROR;
				GCC_WARN_UNDECLARED_SELECTOR = YES;
				GCC_WARN_UNINITIALIZED_AUTOS = YES_AGGRESSIVE;
				GCC_WARN_UNUSED_FUNCTION = YES;
				GCC_WARN_UNUSED_VARIABLE = YES;
				IPHONEOS_DEPLOYMENT_TARGET = 14.2;
				MTL_ENABLE_DEBUG_INFO = INCLUDE_SOURCE;
				MTL_FAST_MATH = YES;
				ONLY_ACTIVE_ARCH = YES;
				SDKROOT = iphoneos;
				SWIFT_ACTIVE_COMPILATION_CONDITIONS = DEBUG;
				SWIFT_OPTIMIZATION_LEVEL = "-Onone";
			};
			name = Debug;
		};
		BB781FAF2584D46D0007B8B7 /* Release */ = {
			isa = XCBuildConfiguration;
			buildSettings = {
				ALWAYS_SEARCH_USER_PATHS = NO;
				CLANG_ANALYZER_NONNULL = YES;
				CLANG_ANALYZER_NUMBER_OBJECT_CONVERSION = YES_AGGRESSIVE;
				CLANG_CXX_LANGUAGE_STANDARD = "gnu++14";
				CLANG_CXX_LIBRARY = "libc++";
				CLANG_ENABLE_MODULES = YES;
				CLANG_ENABLE_OBJC_ARC = YES;
				CLANG_ENABLE_OBJC_WEAK = YES;
				CLANG_WARN_BLOCK_CAPTURE_AUTORELEASING = YES;
				CLANG_WARN_BOOL_CONVERSION = YES;
				CLANG_WARN_COMMA = YES;
				CLANG_WARN_CONSTANT_CONVERSION = YES;
				CLANG_WARN_DEPRECATED_OBJC_IMPLEMENTATIONS = YES;
				CLANG_WARN_DIRECT_OBJC_ISA_USAGE = YES_ERROR;
				CLANG_WARN_DOCUMENTATION_COMMENTS = YES;
				CLANG_WARN_EMPTY_BODY = YES;
				CLANG_WARN_ENUM_CONVERSION = YES;
				CLANG_WARN_INFINITE_RECURSION = YES;
				CLANG_WARN_INT_CONVERSION = YES;
				CLANG_WARN_NON_LITERAL_NULL_CONVERSION = YES;
				CLANG_WARN_OBJC_IMPLICIT_RETAIN_SELF = YES;
				CLANG_WARN_OBJC_LITERAL_CONVERSION = YES;
				CLANG_WARN_OBJC_ROOT_CLASS = YES_ERROR;
				CLANG_WARN_QUOTED_INCLUDE_IN_FRAMEWORK_HEADER = YES;
				CLANG_WARN_RANGE_LOOP_ANALYSIS = YES;
				CLANG_WARN_STRICT_PROTOTYPES = YES;
				CLANG_WARN_SUSPICIOUS_MOVE = YES;
				CLANG_WARN_UNGUARDED_AVAILABILITY = YES_AGGRESSIVE;
				CLANG_WARN_UNREACHABLE_CODE = YES;
				CLANG_WARN__DUPLICATE_METHOD_MATCH = YES;
				COPY_PHASE_STRIP = NO;
				DEBUG_INFORMATION_FORMAT = "dwarf-with-dsym";
				ENABLE_NS_ASSERTIONS = NO;
				ENABLE_STRICT_OBJC_MSGSEND = YES;
				GCC_C_LANGUAGE_STANDARD = gnu11;
				GCC_NO_COMMON_BLOCKS = YES;
				GCC_WARN_64_TO_32_BIT_CONVERSION = YES;
				GCC_WARN_ABOUT_RETURN_TYPE = YES_ERROR;
				GCC_WARN_UNDECLARED_SELECTOR = YES;
				GCC_WARN_UNINITIALIZED_AUTOS = YES_AGGRESSIVE;
				GCC_WARN_UNUSED_FUNCTION = YES;
				GCC_WARN_UNUSED_VARIABLE = YES;
				IPHONEOS_DEPLOYMENT_TARGET = 14.2;
				MTL_ENABLE_DEBUG_INFO = NO;
				MTL_FAST_MATH = YES;
				SDKROOT = iphoneos;
				SWIFT_COMPILATION_MODE = wholemodule;
				SWIFT_OPTIMIZATION_LEVEL = "-O";
				VALIDATE_PRODUCT = YES;
			};
			name = Release;
		};
		BB781FB12584D46D0007B8B7 /* Debug */ = {
			isa = XCBuildConfiguration;
			buildSettings = {
				ASSETCATALOG_COMPILER_APPICON_NAME = AppIcon;
				ASSETCATALOG_COMPILER_GLOBAL_ACCENT_COLOR_NAME = AccentColor;
				CODE_SIGN_STYLE = Automatic;
				DEVELOPMENT_TEAM = 2NYK4JQZ6U;
				ENABLE_PREVIEWS = YES;
				INFOPLIST_FILE = Youthero/Info.plist;
				IPHONEOS_DEPLOYMENT_TARGET = 14.0;
				LD_RUNPATH_SEARCH_PATHS = (
					"$(inherited)",
					"@executable_path/Frameworks",
				);
				PRODUCT_BUNDLE_IDENTIFIER = com.cavalerii.Youthero;
				PRODUCT_NAME = "$(TARGET_NAME)";
				SWIFT_VERSION = 5.0;
				TARGETED_DEVICE_FAMILY = "1,2";
			};
			name = Debug;
		};
		BB781FB22584D46D0007B8B7 /* Release */ = {
			isa = XCBuildConfiguration;
			buildSettings = {
				ASSETCATALOG_COMPILER_APPICON_NAME = AppIcon;
				ASSETCATALOG_COMPILER_GLOBAL_ACCENT_COLOR_NAME = AccentColor;
				CODE_SIGN_STYLE = Automatic;
				DEVELOPMENT_TEAM = 2NYK4JQZ6U;
				ENABLE_PREVIEWS = YES;
				INFOPLIST_FILE = Youthero/Info.plist;
				IPHONEOS_DEPLOYMENT_TARGET = 14.0;
				LD_RUNPATH_SEARCH_PATHS = (
					"$(inherited)",
					"@executable_path/Frameworks",
				);
				PRODUCT_BUNDLE_IDENTIFIER = com.cavalerii.Youthero;
				PRODUCT_NAME = "$(TARGET_NAME)";
				SWIFT_VERSION = 5.0;
				TARGETED_DEVICE_FAMILY = "1,2";
			};
			name = Release;
		};
/* End XCBuildConfiguration section */

/* Begin XCConfigurationList section */
		BB781F9C2584D46A0007B8B7 /* Build configuration list for PBXProject "Youthero" */ = {
			isa = XCConfigurationList;
			buildConfigurations = (
				BB781FAE2584D46D0007B8B7 /* Debug */,
				BB781FAF2584D46D0007B8B7 /* Release */,
			);
			defaultConfigurationIsVisible = 0;
			defaultConfigurationName = Release;
		};
		BB781FB02584D46D0007B8B7 /* Build configuration list for PBXNativeTarget "Youthero" */ = {
			isa = XCConfigurationList;
			buildConfigurations = (
				BB781FB12584D46D0007B8B7 /* Debug */,
				BB781FB22584D46D0007B8B7 /* Release */,
			);
			defaultConfigurationIsVisible = 0;
			defaultConfigurationName = Release;
		};
/* End XCConfigurationList section */
	};
	rootObject = BB781F992584D46A0007B8B7 /* Project object */;
}
